
Microsoft Visual Studio Solution File, Format Version 12.00
# Visual Studio Version 17
VisualStudioVersion = 17.4.33205.214
MinimumVisualStudioVersion = 10.0.40219.1
Project("{FAE04EC0-301F-11D3-BF4B-00C04F79EFBC}") = "ConsoleApp5", "ConsoleApp5\ConsoleApp5.csproj", "{B19C8D13-6F71-466F-BD9B-B8A30037F99D}"
EndProject
Global
	GlobalSection(SolutionConfigurationPlatforms) = preSolution
		Debug|Any CPU = Debug|Any CPU
		Release|Any CPU = Release|Any CPU
	EndGlobalSection
	GlobalSection(ProjectConfigurationPlatforms) = postSolution
		{B19C8D13-6F71-466F-BD9B-B8A30037F99D}.Debug|Any CPU.ActiveCfg = Debug|Any CPU
		{B19C8D13-6F71-466F-BD9B-B8A30037F99D}.Debug|Any CPU.Build.0 = Debug|Any CPU
		{B19C8D13-6F71-466F-BD9B-B8A30037F99D}.Release|Any CPU.ActiveCfg = Release|Any CPU
		{B19C8D13-6F71-466F-BD9B-B8A30037F99D}.Release|Any CPU.Build.0 = Release|Any CPU
	EndGlobalSection
	GlobalSection(SolutionProperties) = preSolution
		HideSolutionNode = FALSE
	EndGlobalSection
	GlobalSection(ExtensibilityGlobals) = postSolution
		SolutionGuid = {8663BF0E-3835-4B2F-9AF1-4B49F4571215}
	EndGlobalSection
EndGlobal
